
Microsoft Visual Studio Solution File, Format Version 12.00
# Visual Studio Version 17
VisualStudioVersion = 17.5.002.0
MinimumVisualStudioVersion = 10.0.40219.1
Project("{9A19103F-16F7-4668-BE54-9A1E7A4F7556}") = "Calculator", "Calculator\Calculator.csproj", "{499A6363-97F1-42AB-8CBD-42FBC4767236}"
EndProject
Project("{9A19103F-16F7-4668-BE54-9A1E7A4F7556}") = "StopWatch", "StopWatch\StopWatch.csproj", "{755972D5-3161-4D2B-978A-E2CBDD5D8DF7}"
EndProject
Project("{9A19103F-16F7-4668-BE54-9A1E7A4F7556}") = "TextEditor", "TextEditor\TextEditor.csproj", "{56F2DE7F-9E88-460A-9E20-F18348604AF8}"
EndProject
Project("{9A19103F-16F7-4668-BE54-9A1E7A4F7556}") = "BetterCalculator", "BetterCalculator\BetterCalculator.csproj", "{DDAC6971-C267-41B7-9F61-010C8AFABE7E}"
EndProject
Project("{57DCE147-5A9C-4296-A0D4-FD8C51B6DD55}") = "HtmlEditor", "HtmlEditor\HtmlEditor.csproj", "{57DCE147-5A9C-4296-A0D4-FD8C51B6DD55}"
EndProject
Project("{89C374DD-1593-4560-B67A-7F7E8882D20D}") = "WorkingWithDate", "WorkingWithDate\WorkingWithDate.csproj", "{89C374DD-1593-4560-B67A-7F7E8882D20D}"
EndProject
Project("{D28596A1-323C-4D57-94E5-7200D67F52EE}") = "WorkingWithNumbers", "WorkingWithNumbers\WorkingWithNumbers.csproj", "{D28596A1-323C-4D57-94E5-7200D67F52EE}"
EndProject
Global
	GlobalSection(SolutionConfigurationPlatforms) = preSolution
		Debug|Any CPU = Debug|Any CPU
		Release|Any CPU = Release|Any CPU
	EndGlobalSection
	GlobalSection(ProjectConfigurationPlatforms) = postSolution
		{499A6363-97F1-42AB-8CBD-42FBC4767236}.Debug|Any CPU.ActiveCfg = Debug|Any CPU
		{499A6363-97F1-42AB-8CBD-42FBC4767236}.Debug|Any CPU.Build.0 = Debug|Any CPU
		{499A6363-97F1-42AB-8CBD-42FBC4767236}.Release|Any CPU.ActiveCfg = Release|Any CPU
		{499A6363-97F1-42AB-8CBD-42FBC4767236}.Release|Any CPU.Build.0 = Release|Any CPU
		{755972D5-3161-4D2B-978A-E2CBDD5D8DF7}.Debug|Any CPU.ActiveCfg = Debug|Any CPU
		{755972D5-3161-4D2B-978A-E2CBDD5D8DF7}.Debug|Any CPU.Build.0 = Debug|Any CPU
		{755972D5-3161-4D2B-978A-E2CBDD5D8DF7}.Release|Any CPU.ActiveCfg = Release|Any CPU
		{755972D5-3161-4D2B-978A-E2CBDD5D8DF7}.Release|Any CPU.Build.0 = Release|Any CPU
		{56F2DE7F-9E88-460A-9E20-F18348604AF8}.Debug|Any CPU.ActiveCfg = Debug|Any CPU
		{56F2DE7F-9E88-460A-9E20-F18348604AF8}.Debug|Any CPU.Build.0 = Debug|Any CPU
		{56F2DE7F-9E88-460A-9E20-F18348604AF8}.Release|Any CPU.ActiveCfg = Release|Any CPU
		{56F2DE7F-9E88-460A-9E20-F18348604AF8}.Release|Any CPU.Build.0 = Release|Any CPU
		{DDAC6971-C267-41B7-9F61-010C8AFABE7E}.Debug|Any CPU.ActiveCfg = Debug|Any CPU
		{DDAC6971-C267-41B7-9F61-010C8AFABE7E}.Debug|Any CPU.Build.0 = Debug|Any CPU
		{DDAC6971-C267-41B7-9F61-010C8AFABE7E}.Release|Any CPU.ActiveCfg = Release|Any CPU
		{DDAC6971-C267-41B7-9F61-010C8AFABE7E}.Release|Any CPU.Build.0 = Release|Any CPU
		{57DCE147-5A9C-4296-A0D4-FD8C51B6DD55}.Debug|Any CPU.ActiveCfg = Debug|Any CPU
		{57DCE147-5A9C-4296-A0D4-FD8C51B6DD55}.Debug|Any CPU.Build.0 = Debug|Any CPU
		{57DCE147-5A9C-4296-A0D4-FD8C51B6DD55}.Release|Any CPU.ActiveCfg = Release|Any CPU
		{57DCE147-5A9C-4296-A0D4-FD8C51B6DD55}.Release|Any CPU.Build.0 = Release|Any CPU
		{89C374DD-1593-4560-B67A-7F7E8882D20D}.Debug|Any CPU.ActiveCfg = Debug|Any CPU
		{89C374DD-1593-4560-B67A-7F7E8882D20D}.Debug|Any CPU.Build.0 = Debug|Any CPU
		{89C374DD-1593-4560-B67A-7F7E8882D20D}.Release|Any CPU.ActiveCfg = Release|Any CPU
		{89C374DD-1593-4560-B67A-7F7E8882D20D}.Release|Any CPU.Build.0 = Release|Any CPU
		{D28596A1-323C-4D57-94E5-7200D67F52EE}.Debug|Any CPU.ActiveCfg = Debug|Any CPU
		{D28596A1-323C-4D57-94E5-7200D67F52EE}.Debug|Any CPU.Build.0 = Debug|Any CPU
		{D28596A1-323C-4D57-94E5-7200D67F52EE}.Release|Any CPU.ActiveCfg = Release|Any CPU
		{D28596A1-323C-4D57-94E5-7200D67F52EE}.Release|Any CPU.Build.0 = Release|Any CPU
	EndGlobalSection
	GlobalSection(SolutionProperties) = preSolution
		HideSolutionNode = FALSE
	EndGlobalSection
	GlobalSection(ExtensibilityGlobals) = postSolution
		SolutionGuid = {B345745C-E845-4B64-A18C-49B9BB4041EB}
	EndGlobalSection
EndGlobal
